// !$*UTF8*$!
{
	archiveVersion = 1;
	classes = {
	};
	objectVersion = 55;
	objects = {

/* Begin PBXBuildFile section */
		8DA8216E2C36E563005AAED4 /* AppDelegate.swift in Sources */ = {isa = PBXBuildFile; fileRef = 8DA8216D2C36E563005AAED4 /* AppDelegate.swift */; };
		8DA821702C36E563005AAED4 /* SceneDelegate.swift in Sources */ = {isa = PBXBuildFile; fileRef = 8DA8216F2C36E563005AAED4 /* SceneDelegate.swift */; };
		8DA821772C36E56B005AAED4 /* Assets.xcassets in Resources */ = {isa = PBXBuildFile; fileRef = 8DA821762C36E56B005AAED4 /* Assets.xcassets */; };
		8DA8217A2C36E56B005AAED4 /* LaunchScreen.storyboard in Resources */ = {isa = PBXBuildFile; fileRef = 8DA821782C36E56B005AAED4 /* LaunchScreen.storyboard */; };
		8DA821852C36E56C005AAED4 /* HappyNewsTests.swift in Sources */ = {isa = PBXBuildFile; fileRef = 8DA821842C36E56C005AAED4 /* HappyNewsTests.swift */; };
		8DA8218F2C36E56C005AAED4 /* HappyNewsUITests.swift in Sources */ = {isa = PBXBuildFile; fileRef = 8DA8218E2C36E56C005AAED4 /* HappyNewsUITests.swift */; };
		8DA821912C36E56C005AAED4 /* HappyNewsUITestsLaunchTests.swift in Sources */ = {isa = PBXBuildFile; fileRef = 8DA821902C36E56C005AAED4 /* HappyNewsUITestsLaunchTests.swift */; };
		8DA8219F2C36E6AB005AAED4 /* NewsListTableViewController.swift in Sources */ = {isa = PBXBuildFile; fileRef = 8DA8219E2C36E6AB005AAED4 /* NewsListTableViewController.swift */; };
		8DA821A12C36E717005AAED4 /* Main.storyboard in Resources */ = {isa = PBXBuildFile; fileRef = 8DA821A02C36E717005AAED4 /* Main.storyboard */; };
		8DA821A62C36F618005AAED4 /* WebService.swift in Sources */ = {isa = PBXBuildFile; fileRef = 8DA821A52C36F618005AAED4 /* WebService.swift */; };
		8DA821A92C36F979005AAED4 /* Article.swift in Sources */ = {isa = PBXBuildFile; fileRef = 8DA821A82C36F979005AAED4 /* Article.swift */; };
/* End PBXBuildFile section */

/* Begin PBXContainerItemProxy section */
		8DA821812C36E56C005AAED4 /* PBXContainerItemProxy */ = {
			isa = PBXContainerItemProxy;
			containerPortal = 8DA821622C36E563005AAED4 /* Project object */;
			proxyType = 1;
			remoteGlobalIDString = 8DA821692C36E563005AAED4;
			remoteInfo = HappyNews;
		};
		8DA8218B2C36E56C005AAED4 /* PBXContainerItemProxy */ = {
			isa = PBXContainerItemProxy;
			containerPortal = 8DA821622C36E563005AAED4 /* Project object */;
			proxyType = 1;
			remoteGlobalIDString = 8DA821692C36E563005AAED4;
			remoteInfo = HappyNews;
		};
/* End PBXContainerItemProxy section */

/* Begin PBXFileReference section */
		8DA8216A2C36E563005AAED4 /* HappyNews.app */ = {isa = PBXFileReference; explicitFileType = wrapper.application; includeInIndex = 0; path = HappyNews.app; sourceTree = BUILT_PRODUCTS_DIR; };
		8DA8216D2C36E563005AAED4 /* AppDelegate.swift */ = {isa = PBXFileReference; lastKnownFileType = sourcecode.swift; path = AppDelegate.swift; sourceTree = "<group>"; };
		8DA8216F2C36E563005AAED4 /* SceneDelegate.swift */ = {isa = PBXFileReference; lastKnownFileType = sourcecode.swift; path = SceneDelegate.swift; sourceTree = "<group>"; };
		8DA821762C36E56B005AAED4 /* Assets.xcassets */ = {isa = PBXFileReference; lastKnownFileType = folder.assetcatalog; path = Assets.xcassets; sourceTree = "<group>"; };
		8DA821792C36E56B005AAED4 /* Base */ = {isa = PBXFileReference; lastKnownFileType = file.storyboard; name = Base; path = Base.lproj/LaunchScreen.storyboard; sourceTree = "<group>"; };
		8DA8217B2C36E56B005AAED4 /* Info.plist */ = {isa = PBXFileReference; lastKnownFileType = text.plist.xml; path = Info.plist; sourceTree = "<group>"; };
		8DA821802C36E56C005AAED4 /* HappyNewsTests.xctest */ = {isa = PBXFileReference; explicitFileType = wrapper.cfbundle; includeInIndex = 0; path = HappyNewsTests.xctest; sourceTree = BUILT_PRODUCTS_DIR; };
		8DA821842C36E56C005AAED4 /* HappyNewsTests.swift */ = {isa = PBXFileReference; lastKnownFileType = sourcecode.swift; path = HappyNewsTests.swift; sourceTree = "<group>"; };
		8DA8218A2C36E56C005AAED4 /* HappyNewsUITests.xctest */ = {isa = PBXFileReference; explicitFileType = wrapper.cfbundle; includeInIndex = 0; path = HappyNewsUITests.xctest; sourceTree = BUILT_PRODUCTS_DIR; };
		8DA8218E2C36E56C005AAED4 /* HappyNewsUITests.swift */ = {isa = PBXFileReference; lastKnownFileType = sourcecode.swift; path = HappyNewsUITests.swift; sourceTree = "<group>"; };
		8DA821902C36E56C005AAED4 /* HappyNewsUITestsLaunchTests.swift */ = {isa = PBXFileReference; lastKnownFileType = sourcecode.swift; path = HappyNewsUITestsLaunchTests.swift; sourceTree = "<group>"; };
		8DA8219E2C36E6AB005AAED4 /* NewsListTableViewController.swift */ = {isa = PBXFileReference; lastKnownFileType = sourcecode.swift; path = NewsListTableViewController.swift; sourceTree = "<group>"; };
		8DA821A02C36E717005AAED4 /* Main.storyboard */ = {isa = PBXFileReference; lastKnownFileType = file.storyboard; path = Main.storyboard; sourceTree = "<group>"; };
		8DA821A52C36F618005AAED4 /* WebService.swift */ = {isa = PBXFileReference; lastKnownFileType = sourcecode.swift; path = WebService.swift; sourceTree = "<group>"; };
		8DA821A82C36F979005AAED4 /* Article.swift */ = {isa = PBXFileReference; lastKnownFileType = sourcecode.swift; path = Article.swift; sourceTree = "<group>"; };
/* End PBXFileReference section */

/* Begin PBXFrameworksBuildPhase section */
		8DA821672C36E563005AAED4 /* Frameworks */ = {
			isa = PBXFrameworksBuildPhase;
			buildActionMask = 2147483647;
			files = (
			);
			runOnlyForDeploymentPostprocessing = 0;
		};
		8DA8217D2C36E56C005AAED4 /* Frameworks */ = {
			isa = PBXFrameworksBuildPhase;
			buildActionMask = 2147483647;
			files = (
			);
			runOnlyForDeploymentPostprocessing = 0;
		};
		8DA821872C36E56C005AAED4 /* Frameworks */ = {
			isa = PBXFrameworksBuildPhase;
			buildActionMask = 2147483647;
			files = (
			);
			runOnlyForDeploymentPostprocessing = 0;
		};
/* End PBXFrameworksBuildPhase section */

/* Begin PBXGroup section */
		8DA821612C36E563005AAED4 = {
			isa = PBXGroup;
			children = (
				8DA8216C2C36E563005AAED4 /* HappyNews */,
				8DA821832C36E56C005AAED4 /* HappyNewsTests */,
				8DA8218D2C36E56C005AAED4 /* HappyNewsUITests */,
				8DA8216B2C36E563005AAED4 /* Products */,
			);
			sourceTree = "<group>";
		};
		8DA8216B2C36E563005AAED4 /* Products */ = {
			isa = PBXGroup;
			children = (
				8DA8216A2C36E563005AAED4 /* HappyNews.app */,
				8DA821802C36E56C005AAED4 /* HappyNewsTests.xctest */,
				8DA8218A2C36E56C005AAED4 /* HappyNewsUITests.xctest */,
			);
			name = Products;
			sourceTree = "<group>";
		};
		8DA8216C2C36E563005AAED4 /* HappyNews */ = {
			isa = PBXGroup;
			children = (
				8DA821A22C36F55D005AAED4 /* AppStart */,
				8DA8219D2C36E687005AAED4 /* Controllers */,
				8DA821A72C36F96B005AAED4 /* Models */,
				8DA821A32C36F596005AAED4 /* Resources */,
				8DA821A42C36F5FA005AAED4 /* Services */,
				8DA8217B2C36E56B005AAED4 /* Info.plist */,
			);
			path = HappyNews;
			sourceTree = "<group>";
		};
		8DA821832C36E56C005AAED4 /* HappyNewsTests */ = {
			isa = PBXGroup;
			children = (
				8DA821842C36E56C005AAED4 /* HappyNewsTests.swift */,
			);
			path = HappyNewsTests;
			sourceTree = "<group>";
		};
		8DA8218D2C36E56C005AAED4 /* HappyNewsUITests */ = {
			isa = PBXGroup;
			children = (
				8DA8218E2C36E56C005AAED4 /* HappyNewsUITests.swift */,
				8DA821902C36E56C005AAED4 /* HappyNewsUITestsLaunchTests.swift */,
			);
			path = HappyNewsUITests;
			sourceTree = "<group>";
		};
		8DA8219D2C36E687005AAED4 /* Controllers */ = {
			isa = PBXGroup;
			children = (
				8DA8219E2C36E6AB005AAED4 /* NewsListTableViewController.swift */,
			);
			path = Controllers;
			sourceTree = "<group>";
		};
		8DA821A22C36F55D005AAED4 /* AppStart */ = {
			isa = PBXGroup;
			children = (
				8DA8216D2C36E563005AAED4 /* AppDelegate.swift */,
				8DA8216F2C36E563005AAED4 /* SceneDelegate.swift */,
				8DA821782C36E56B005AAED4 /* LaunchScreen.storyboard */,
				8DA821A02C36E717005AAED4 /* Main.storyboard */,
			);
			path = AppStart;
			sourceTree = "<group>";
		};
		8DA821A32C36F596005AAED4 /* Resources */ = {
			isa = PBXGroup;
			children = (
				8DA821762C36E56B005AAED4 /* Assets.xcassets */,
			);
			path = Resources;
			sourceTree = "<group>";
		};
		8DA821A42C36F5FA005AAED4 /* Services */ = {
			isa = PBXGroup;
			children = (
				8DA821A52C36F618005AAED4 /* WebService.swift */,
			);
			path = Services;
			sourceTree = "<group>";
		};
		8DA821A72C36F96B005AAED4 /* Models */ = {
			isa = PBXGroup;
			children = (
				8DA821A82C36F979005AAED4 /* Article.swift */,
			);
			path = Models;
			sourceTree = "<group>";
		};
/* End PBXGroup section */

/* Begin PBXNativeTarget section */
		8DA821692C36E563005AAED4 /* HappyNews */ = {
			isa = PBXNativeTarget;
			buildConfigurationList = 8DA821942C36E56C005AAED4 /* Build configuration list for PBXNativeTarget "HappyNews" */;
			buildPhases = (
				8DA821662C36E563005AAED4 /* Sources */,
				8DA821672C36E563005AAED4 /* Frameworks */,
				8DA821682C36E563005AAED4 /* Resources */,
			);
			buildRules = (
			);
			dependencies = (
			);
			name = HappyNews;
			productName = HappyNews;
			productReference = 8DA8216A2C36E563005AAED4 /* HappyNews.app */;
			productType = "com.apple.product-type.application";
		};
		8DA8217F2C36E56C005AAED4 /* HappyNewsTests */ = {
			isa = PBXNativeTarget;
			buildConfigurationList = 8DA821972C36E56C005AAED4 /* Build configuration list for PBXNativeTarget "HappyNewsTests" */;
			buildPhases = (
				8DA8217C2C36E56C005AAED4 /* Sources */,
				8DA8217D2C36E56C005AAED4 /* Frameworks */,
				8DA8217E2C36E56C005AAED4 /* Resources */,
			);
			buildRules = (
			);
			dependencies = (
				8DA821822C36E56C005AAED4 /* PBXTargetDependency */,
			);
			name = HappyNewsTests;
			productName = HappyNewsTests;
			productReference = 8DA821802C36E56C005AAED4 /* HappyNewsTests.xctest */;
			productType = "com.apple.product-type.bundle.unit-test";
		};
		8DA821892C36E56C005AAED4 /* HappyNewsUITests */ = {
			isa = PBXNativeTarget;
			buildConfigurationList = 8DA8219A2C36E56C005AAED4 /* Build configuration list for PBXNativeTarget "HappyNewsUITests" */;
			buildPhases = (
				8DA821862C36E56C005AAED4 /* Sources */,
				8DA821872C36E56C005AAED4 /* Frameworks */,
				8DA821882C36E56C005AAED4 /* Resources */,
			);
			buildRules = (
			);
			dependencies = (
				8DA8218C2C36E56C005AAED4 /* PBXTargetDependency */,
			);
			name = HappyNewsUITests;
			productName = HappyNewsUITests;
			productReference = 8DA8218A2C36E56C005AAED4 /* HappyNewsUITests.xctest */;
			productType = "com.apple.product-type.bundle.ui-testing";
		};
/* End PBXNativeTarget section */

/* Begin PBXProject section */
		8DA821622C36E563005AAED4 /* Project object */ = {
			isa = PBXProject;
			attributes = {
				BuildIndependentTargetsInParallel = 1;
				LastSwiftUpdateCheck = 1340;
				LastUpgradeCheck = 1340;
				TargetAttributes = {
					8DA821692C36E563005AAED4 = {
						CreatedOnToolsVersion = 13.4.1;
					};
					8DA8217F2C36E56C005AAED4 = {
						CreatedOnToolsVersion = 13.4.1;
						TestTargetID = 8DA821692C36E563005AAED4;
					};
					8DA821892C36E56C005AAED4 = {
						CreatedOnToolsVersion = 13.4.1;
						TestTargetID = 8DA821692C36E563005AAED4;
					};
				};
			};
			buildConfigurationList = 8DA821652C36E563005AAED4 /* Build configuration list for PBXProject "HappyNews" */;
			compatibilityVersion = "Xcode 13.0";
			developmentRegion = en;
			hasScannedForEncodings = 0;
			knownRegions = (
				en,
				Base,
			);
			mainGroup = 8DA821612C36E563005AAED4;
			productRefGroup = 8DA8216B2C36E563005AAED4 /* Products */;
			projectDirPath = "";
			projectRoot = "";
			targets = (
				8DA821692C36E563005AAED4 /* HappyNews */,
				8DA8217F2C36E56C005AAED4 /* HappyNewsTests */,
				8DA821892C36E56C005AAED4 /* HappyNewsUITests */,
			);
		};
/* End PBXProject section */

/* Begin PBXResourcesBuildPhase section */
		8DA821682C36E563005AAED4 /* Resources */ = {
			isa = PBXResourcesBuildPhase;
			buildActionMask = 2147483647;
			files = (
				8DA821A12C36E717005AAED4 /* Main.storyboard in Resources */,
				8DA8217A2C36E56B005AAED4 /* LaunchScreen.storyboard in Resources */,
				8DA821772C36E56B005AAED4 /* Assets.xcassets in Resources */,
			);
			runOnlyForDeploymentPostprocessing = 0;
		};
		8DA8217E2C36E56C005AAED4 /* Resources */ = {
			isa = PBXResourcesBuildPhase;
			buildActionMask = 2147483647;
			files = (
			);
			runOnlyForDeploymentPostprocessing = 0;
		};
		8DA821882C36E56C005AAED4 /* Resources */ = {
			isa = PBXResourcesBuildPhase;
			buildActionMask = 2147483647;
			files = (
			);
			runOnlyForDeploymentPostprocessing = 0;
		};
/* End PBXResourcesBuildPhase section */

/* Begin PBXSourcesBuildPhase section */
		8DA821662C36E563005AAED4 /* Sources */ = {
			isa = PBXSourcesBuildPhase;
			buildActionMask = 2147483647;
			files = (
				8DA8216E2C36E563005AAED4 /* AppDelegate.swift in Sources */,
				8DA8219F2C36E6AB005AAED4 /* NewsListTableViewController.swift in Sources */,
				8DA821A62C36F618005AAED4 /* WebService.swift in Sources */,
				8DA821702C36E563005AAED4 /* SceneDelegate.swift in Sources */,
				8DA821A92C36F979005AAED4 /* Article.swift in Sources */,
			);
			runOnlyForDeploymentPostprocessing = 0;
		};
		8DA8217C2C36E56C005AAED4 /* Sources */ = {
			isa = PBXSourcesBuildPhase;
			buildActionMask = 2147483647;
			files = (
				8DA821852C36E56C005AAED4 /* HappyNewsTests.swift in Sources */,
			);
			runOnlyForDeploymentPostprocessing = 0;
		};
		8DA821862C36E56C005AAED4 /* Sources */ = {
			isa = PBXSourcesBuildPhase;
			buildActionMask = 2147483647;
			files = (
				8DA821912C36E56C005AAED4 /* HappyNewsUITestsLaunchTests.swift in Sources */,
				8DA8218F2C36E56C005AAED4 /* HappyNewsUITests.swift in Sources */,
			);
			runOnlyForDeploymentPostprocessing = 0;
		};
/* End PBXSourcesBuildPhase section */

/* Begin PBXTargetDependency section */
		8DA821822C36E56C005AAED4 /* PBXTargetDependency */ = {
			isa = PBXTargetDependency;
			target = 8DA821692C36E563005AAED4 /* HappyNews */;
			targetProxy = 8DA821812C36E56C005AAED4 /* PBXContainerItemProxy */;
		};
		8DA8218C2C36E56C005AAED4 /* PBXTargetDependency */ = {
			isa = PBXTargetDependency;
			target = 8DA821692C36E563005AAED4 /* HappyNews */;
			targetProxy = 8DA8218B2C36E56C005AAED4 /* PBXContainerItemProxy */;
		};
/* End PBXTargetDependency section */

/* Begin PBXVariantGroup section */
		8DA821782C36E56B005AAED4 /* LaunchScreen.storyboard */ = {
			isa = PBXVariantGroup;
			children = (
				8DA821792C36E56B005AAED4 /* Base */,
			);
			name = LaunchScreen.storyboard;
			sourceTree = "<group>";
		};
/* End PBXVariantGroup section */

/* Begin XCBuildConfiguration section */
		8DA821922C36E56C005AAED4 /* Debug */ = {
			isa = XCBuildConfiguration;
			buildSettings = {
				ALWAYS_SEARCH_USER_PATHS = NO;
				CLANG_ANALYZER_NONNULL = YES;
				CLANG_ANALYZER_NUMBER_OBJECT_CONVERSION = YES_AGGRESSIVE;
				CLANG_CXX_LANGUAGE_STANDARD = "gnu++17";
				CLANG_ENABLE_MODULES = YES;
				CLANG_ENABLE_OBJC_ARC = YES;
				CLANG_ENABLE_OBJC_WEAK = YES;
				CLANG_WARN_BLOCK_CAPTURE_AUTORELEASING = YES;
				CLANG_WARN_BOOL_CONVERSION = YES;
				CLANG_WARN_COMMA = YES;
				CLANG_WARN_CONSTANT_CONVERSION = YES;
				CLANG_WARN_DEPRECATED_OBJC_IMPLEMENTATIONS = YES;
				CLANG_WARN_DIRECT_OBJC_ISA_USAGE = YES_ERROR;
				CLANG_WARN_DOCUMENTATION_COMMENTS = YES;
				CLANG_WARN_EMPTY_BODY = YES;
				CLANG_WARN_ENUM_CONVERSION = YES;
				CLANG_WARN_INFINITE_RECURSION = YES;
				CLANG_WARN_INT_CONVERSION = YES;
				CLANG_WARN_NON_LITERAL_NULL_CONVERSION = YES;
				CLANG_WARN_OBJC_IMPLICIT_RETAIN_SELF = YES;
				CLANG_WARN_OBJC_LITERAL_CONVERSION = YES;
				CLANG_WARN_OBJC_ROOT_CLASS = YES_ERROR;
				CLANG_WARN_QUOTED_INCLUDE_IN_FRAMEWORK_HEADER = YES;
				CLANG_WARN_RANGE_LOOP_ANALYSIS = YES;
				CLANG_WARN_STRICT_PROTOTYPES = YES;
				CLANG_WARN_SUSPICIOUS_MOVE = YES;
				CLANG_WARN_UNGUARDED_AVAILABILITY = YES_AGGRESSIVE;
				CLANG_WARN_UNREACHABLE_CODE = YES;
				CLANG_WARN__DUPLICATE_METHOD_MATCH = YES;
				COPY_PHASE_STRIP = NO;
				DEBUG_INFORMATION_FORMAT = dwarf;
				ENABLE_STRICT_OBJC_MSGSEND = YES;
				ENABLE_TESTABILITY = YES;
				GCC_C_LANGUAGE_STANDARD = gnu11;
				GCC_DYNAMIC_NO_PIC = NO;
				GCC_NO_COMMON_BLOCKS = YES;
				GCC_OPTIMIZATION_LEVEL = 0;
				GCC_PREPROCESSOR_DEFINITIONS = (
					"DEBUG=1",
					"$(inherited)",
				);
				GCC_WARN_64_TO_32_BIT_CONVERSION = YES;
				GCC_WARN_ABOUT_RETURN_TYPE = YES_ERROR;
				GCC_WARN_UNDECLARED_SELECTOR = YES;
				GCC_WARN_UNINITIALIZED_AUTOS = YES_AGGRESSIVE;
				GCC_WARN_UNUSED_FUNCTION = YES;
				GCC_WARN_UNUSED_VARIABLE = YES;
				IPHONEOS_DEPLOYMENT_TARGET = 15.5;
				MTL_ENABLE_DEBUG_INFO = INCLUDE_SOURCE;
				MTL_FAST_MATH = YES;
				ONLY_ACTIVE_ARCH = YES;
				SDKROOT = iphoneos;
				SWIFT_ACTIVE_COMPILATION_CONDITIONS = DEBUG;
				SWIFT_OPTIMIZATION_LEVEL = "-Onone";
			};
			name = Debug;
		};
		8DA821932C36E56C005AAED4 /* Release */ = {
			isa = XCBuildConfiguration;
			buildSettings = {
				ALWAYS_SEARCH_USER_PATHS = NO;
				CLANG_ANALYZER_NONNULL = YES;
				CLANG_ANALYZER_NUMBER_OBJECT_CONVERSION = YES_AGGRESSIVE;
				CLANG_CXX_LANGUAGE_STANDARD = "gnu++17";
				CLANG_ENABLE_MODULES = YES;
				CLANG_ENABLE_OBJC_ARC = YES;
				CLANG_ENABLE_OBJC_WEAK = YES;
				CLANG_WARN_BLOCK_CAPTURE_AUTORELEASING = YES;
				CLANG_WARN_BOOL_CONVERSION = YES;
				CLANG_WARN_COMMA = YES;
				CLANG_WARN_CONSTANT_CONVERSION = YES;
				CLANG_WARN_DEPRECATED_OBJC_IMPLEMENTATIONS = YES;
				CLANG_WARN_DIRECT_OBJC_ISA_USAGE = YES_ERROR;
				CLANG_WARN_DOCUMENTATION_COMMENTS = YES;
				CLANG_WARN_EMPTY_BODY = YES;
				CLANG_WARN_ENUM_CONVERSION = YES;
				CLANG_WARN_INFINITE_RECURSION = YES;
				CLANG_WARN_INT_CONVERSION = YES;
				CLANG_WARN_NON_LITERAL_NULL_CONVERSION = YES;
				CLANG_WARN_OBJC_IMPLICIT_RETAIN_SELF = YES;
				CLANG_WARN_OBJC_LITERAL_CONVERSION = YES;
				CLANG_WARN_OBJC_ROOT_CLASS = YES_ERROR;
				CLANG_WARN_QUOTED_INCLUDE_IN_FRAMEWORK_HEADER = YES;
				CLANG_WARN_RANGE_LOOP_ANALYSIS = YES;
				CLANG_WARN_STRICT_PROTOTYPES = YES;
				CLANG_WARN_SUSPICIOUS_MOVE = YES;
				CLANG_WARN_UNGUARDED_AVAILABILITY = YES_AGGRESSIVE;
				CLANG_WARN_UNREACHABLE_CODE = YES;
				CLANG_WARN__DUPLICATE_METHOD_MATCH = YES;
				COPY_PHASE_STRIP = NO;
				DEBUG_INFORMATION_FORMAT = "dwarf-with-dsym";
				ENABLE_NS_ASSERTIONS = NO;
				ENABLE_STRICT_OBJC_MSGSEND = YES;
				GCC_C_LANGUAGE_STANDARD = gnu11;
				GCC_NO_COMMON_BLOCKS = YES;
				GCC_WARN_64_TO_32_BIT_CONVERSION = YES;
				GCC_WARN_ABOUT_RETURN_TYPE = YES_ERROR;
				GCC_WARN_UNDECLARED_SELECTOR = YES;
				GCC_WARN_UNINITIALIZED_AUTOS = YES_AGGRESSIVE;
				GCC_WARN_UNUSED_FUNCTION = YES;
				GCC_WARN_UNUSED_VARIABLE = YES;
				IPHONEOS_DEPLOYMENT_TARGET = 15.5;
				MTL_ENABLE_DEBUG_INFO = NO;
				MTL_FAST_MATH = YES;
				SDKROOT = iphoneos;
				SWIFT_COMPILATION_MODE = wholemodule;
				SWIFT_OPTIMIZATION_LEVEL = "-O";
				VALIDATE_PRODUCT = YES;
			};
			name = Release;
		};
		8DA821952C36E56C005AAED4 /* Debug */ = {
			isa = XCBuildConfiguration;
			buildSettings = {
				ASSETCATALOG_COMPILER_APPICON_NAME = AppIcon;
				ASSETCATALOG_COMPILER_GLOBAL_ACCENT_COLOR_NAME = AccentColor;
				CODE_SIGN_STYLE = Automatic;
				CURRENT_PROJECT_VERSION = 1;
				DEVELOPMENT_TEAM = TGBHB6DPPU;
				GENERATE_INFOPLIST_FILE = YES;
				INFOPLIST_FILE = HappyNews/Info.plist;
				INFOPLIST_KEY_UIApplicationSupportsIndirectInputEvents = YES;
				INFOPLIST_KEY_UILaunchStoryboardName = LaunchScreen;
				INFOPLIST_KEY_UIMainStoryboardFile = Main;
				INFOPLIST_KEY_UISupportedInterfaceOrientations_iPad = "UIInterfaceOrientationPortrait UIInterfaceOrientationPortraitUpsideDown UIInterfaceOrientationLandscapeLeft UIInterfaceOrientationLandscapeRight";
				INFOPLIST_KEY_UISupportedInterfaceOrientations_iPhone = "UIInterfaceOrientationPortrait UIInterfaceOrientationLandscapeLeft UIInterfaceOrientationLandscapeRight";
				LD_RUNPATH_SEARCH_PATHS = (
					"$(inherited)",
					"@executable_path/Frameworks",
				);
				MARKETING_VERSION = 1.0;
				PRODUCT_BUNDLE_IDENTIFIER = com.rafaelnunes.HappyNews;
				PRODUCT_NAME = "$(TARGET_NAME)";
				SWIFT_EMIT_LOC_STRINGS = YES;
				SWIFT_VERSION = 5.0;
				TARGETED_DEVICE_FAMILY = "1,2";
			};
			name = Debug;
		};
		8DA821962C36E56C005AAED4 /* Release */ = {
			isa = XCBuildConfiguration;
			buildSettings = {
				ASSETCATALOG_COMPILER_APPICON_NAME = AppIcon;
				ASSETCATALOG_COMPILER_GLOBAL_ACCENT_COLOR_NAME = AccentColor;
				CODE_SIGN_STYLE = Automatic;
				CURRENT_PROJECT_VERSION = 1;
				DEVELOPMENT_TEAM = TGBHB6DPPU;
				GENERATE_INFOPLIST_FILE = YES;
				INFOPLIST_FILE = HappyNews/Info.plist;
				INFOPLIST_KEY_UIApplicationSupportsIndirectInputEvents = YES;
				INFOPLIST_KEY_UILaunchStoryboardName = LaunchScreen;
				INFOPLIST_KEY_UIMainStoryboardFile = Main;
				INFOPLIST_KEY_UISupportedInterfaceOrientations_iPad = "UIInterfaceOrientationPortrait UIInterfaceOrientationPortraitUpsideDown UIInterfaceOrientationLandscapeLeft UIInterfaceOrientationLandscapeRight";
				INFOPLIST_KEY_UISupportedInterfaceOrientations_iPhone = "UIInterfaceOrientationPortrait UIInterfaceOrientationLandscapeLeft UIInterfaceOrientationLandscapeRight";
				LD_RUNPATH_SEARCH_PATHS = (
					"$(inherited)",
					"@executable_path/Frameworks",
				);
				MARKETING_VERSION = 1.0;
				PRODUCT_BUNDLE_IDENTIFIER = com.rafaelnunes.HappyNews;
				PRODUCT_NAME = "$(TARGET_NAME)";
				SWIFT_EMIT_LOC_STRINGS = YES;
				SWIFT_VERSION = 5.0;
				TARGETED_DEVICE_FAMILY = "1,2";
			};
			name = Release;
		};
		8DA821982C36E56C005AAED4 /* Debug */ = {
			isa = XCBuildConfiguration;
			buildSettings = {
				ALWAYS_EMBED_SWIFT_STANDARD_LIBRARIES = YES;
				BUNDLE_LOADER = "$(TEST_HOST)";
				CODE_SIGN_STYLE = Automatic;
				CURRENT_PROJECT_VERSION = 1;
				DEVELOPMENT_TEAM = TGBHB6DPPU;
				GENERATE_INFOPLIST_FILE = YES;
				IPHONEOS_DEPLOYMENT_TARGET = 15.5;
				MARKETING_VERSION = 1.0;
				PRODUCT_BUNDLE_IDENTIFIER = com.rafaelnunes.HappyNewsTests;
				PRODUCT_NAME = "$(TARGET_NAME)";
				SWIFT_EMIT_LOC_STRINGS = NO;
				SWIFT_VERSION = 5.0;
				TARGETED_DEVICE_FAMILY = "1,2";
				TEST_HOST = "$(BUILT_PRODUCTS_DIR)/HappyNews.app/HappyNews";
			};
			name = Debug;
		};
		8DA821992C36E56C005AAED4 /* Release */ = {
			isa = XCBuildConfiguration;
			buildSettings = {
				ALWAYS_EMBED_SWIFT_STANDARD_LIBRARIES = YES;
				BUNDLE_LOADER = "$(TEST_HOST)";
				CODE_SIGN_STYLE = Automatic;
				CURRENT_PROJECT_VERSION = 1;
				DEVELOPMENT_TEAM = TGBHB6DPPU;
				GENERATE_INFOPLIST_FILE = YES;
				IPHONEOS_DEPLOYMENT_TARGET = 15.5;
				MARKETING_VERSION = 1.0;
				PRODUCT_BUNDLE_IDENTIFIER = com.rafaelnunes.HappyNewsTests;
				PRODUCT_NAME = "$(TARGET_NAME)";
				SWIFT_EMIT_LOC_STRINGS = NO;
				SWIFT_VERSION = 5.0;
				TARGETED_DEVICE_FAMILY = "1,2";
				TEST_HOST = "$(BUILT_PRODUCTS_DIR)/HappyNews.app/HappyNews";
			};
			name = Release;
		};
		8DA8219B2C36E56C005AAED4 /* Debug */ = {
			isa = XCBuildConfiguration;
			buildSettings = {
				ALWAYS_EMBED_SWIFT_STANDARD_LIBRARIES = YES;
				CODE_SIGN_STYLE = Automatic;
				CURRENT_PROJECT_VERSION = 1;
				DEVELOPMENT_TEAM = TGBHB6DPPU;
				GENERATE_INFOPLIST_FILE = YES;
				MARKETING_VERSION = 1.0;
				PRODUCT_BUNDLE_IDENTIFIER = com.rafaelnunes.HappyNewsUITests;
				PRODUCT_NAME = "$(TARGET_NAME)";
				SWIFT_EMIT_LOC_STRINGS = NO;
				SWIFT_VERSION = 5.0;
				TARGETED_DEVICE_FAMILY = "1,2";
				TEST_TARGET_NAME = HappyNews;
			};
			name = Debug;
		};
		8DA8219C2C36E56C005AAED4 /* Release */ = {
			isa = XCBuildConfiguration;
			buildSettings = {
				ALWAYS_EMBED_SWIFT_STANDARD_LIBRARIES = YES;
				CODE_SIGN_STYLE = Automatic;
				CURRENT_PROJECT_VERSION = 1;
				DEVELOPMENT_TEAM = TGBHB6DPPU;
				GENERATE_INFOPLIST_FILE = YES;
				MARKETING_VERSION = 1.0;
				PRODUCT_BUNDLE_IDENTIFIER = com.rafaelnunes.HappyNewsUITests;
				PRODUCT_NAME = "$(TARGET_NAME)";
				SWIFT_EMIT_LOC_STRINGS = NO;
				SWIFT_VERSION = 5.0;
				TARGETED_DEVICE_FAMILY = "1,2";
				TEST_TARGET_NAME = HappyNews;
			};
			name = Release;
		};
/* End XCBuildConfiguration section */

/* Begin XCConfigurationList section */
		8DA821652C36E563005AAED4 /* Build configuration list for PBXProject "HappyNews" */ = {
			isa = XCConfigurationList;
			buildConfigurations = (
				8DA821922C36E56C005AAED4 /* Debug */,
				8DA821932C36E56C005AAED4 /* Release */,
			);
			defaultConfigurationIsVisible = 0;
			defaultConfigurationName = Release;
		};
		8DA821942C36E56C005AAED4 /* Build configuration list for PBXNativeTarget "HappyNews" */ = {
			isa = XCConfigurationList;
			buildConfigurations = (
				8DA821952C36E56C005AAED4 /* Debug */,
				8DA821962C36E56C005AAED4 /* Release */,
			);
			defaultConfigurationIsVisible = 0;
			defaultConfigurationName = Release;
		};
		8DA821972C36E56C005AAED4 /* Build configuration list for PBXNativeTarget "HappyNewsTests" */ = {
			isa = XCConfigurationList;
			buildConfigurations = (
				8DA821982C36E56C005AAED4 /* Debug */,
				8DA821992C36E56C005AAED4 /* Release */,
			);
			defaultConfigurationIsVisible = 0;
			defaultConfigurationName = Release;
		};
		8DA8219A2C36E56C005AAED4 /* Build configuration list for PBXNativeTarget "HappyNewsUITests" */ = {
			isa = XCConfigurationList;
			buildConfigurations = (
				8DA8219B2C36E56C005AAED4 /* Debug */,
				8DA8219C2C36E56C005AAED4 /* Release */,
			);
			defaultConfigurationIsVisible = 0;
			defaultConfigurationName = Release;
		};
/* End XCConfigurationList section */
	};
	rootObject = 8DA821622C36E563005AAED4 /* Project object */;
}
